
Microsoft Visual Studio Solution File, Format Version 12.00
# Visual Studio Version 17
VisualStudioVersion = 17.13.35931.197 d17.13
MinimumVisualStudioVersion = 10.0.40219.1
Project("{FAE04EC0-301F-11D3-BF4B-00C04F79EFBC}") = "WpfMqttSubApp", "WpfMqttSubApp\WpfMqttSubApp.csproj", "{A7D5A570-4E3B-4E87-91CE-F831D89F615D}"
EndProject
Project("{FAE04EC0-301F-11D3-BF4B-00C04F79EFBC}") = "WpfSmartHomeApp", "..\..\day08\Day08Study\WpfSmartHomeApp\WpfSmartHomeApp.csproj", "{A88DBE1D-95CA-087F-C27C-CE08BDEC804F}"
EndProject
Global
	GlobalSection(SolutionConfigurationPlatforms) = preSolution
		Debug|Any CPU = Debug|Any CPU
		Release|Any CPU = Release|Any CPU
	EndGlobalSection
	GlobalSection(ProjectConfigurationPlatforms) = postSolution
		{A7D5A570-4E3B-4E87-91CE-F831D89F615D}.Debug|Any CPU.ActiveCfg = Debug|Any CPU
		{A7D5A570-4E3B-4E87-91CE-F831D89F615D}.Debug|Any CPU.Build.0 = Debug|Any CPU
		{A7D5A570-4E3B-4E87-91CE-F831D89F615D}.Release|Any CPU.ActiveCfg = Release|Any CPU
		{A7D5A570-4E3B-4E87-91CE-F831D89F615D}.Release|Any CPU.Build.0 = Release|Any CPU
		{A88DBE1D-95CA-087F-C27C-CE08BDEC804F}.Debug|Any CPU.ActiveCfg = Debug|Any CPU
		{A88DBE1D-95CA-087F-C27C-CE08BDEC804F}.Debug|Any CPU.Build.0 = Debug|Any CPU
		{A88DBE1D-95CA-087F-C27C-CE08BDEC804F}.Release|Any CPU.ActiveCfg = Release|Any CPU
		{A88DBE1D-95CA-087F-C27C-CE08BDEC804F}.Release|Any CPU.Build.0 = Release|Any CPU
	EndGlobalSection
	GlobalSection(SolutionProperties) = preSolution
		HideSolutionNode = FALSE
	EndGlobalSection
	GlobalSection(ExtensibilityGlobals) = postSolution
		SolutionGuid = {97719A1A-7436-49BF-94EC-E3D3CBE1AB57}
	EndGlobalSection
EndGlobal
